
Microsoft Visual Studio Solution File, Format Version 12.00
# Visual Studio Version 17
VisualStudioVersion = 17.2.32630.192
MinimumVisualStudioVersion = 10.0.40219.1
Project("{9A19103F-16F7-4668-BE54-9A1E7A4F7556}") = "ElectricityDataAPI", "ElectricityDataAPI\ElectricityDataAPI.csproj", "{385A5468-D483-4AC9-8C49-720513A83002}"
EndProject
Global
	GlobalSection(SolutionConfigurationPlatforms) = preSolution
		Debug|Any CPU = Debug|Any CPU
		Release|Any CPU = Release|Any CPU
	EndGlobalSection
	GlobalSection(ProjectConfigurationPlatforms) = postSolution
		{385A5468-D483-4AC9-8C49-720513A83002}.Debug|Any CPU.ActiveCfg = Debug|Any CPU
		{385A5468-D483-4AC9-8C49-720513A83002}.Debug|Any CPU.Build.0 = Debug|Any CPU
		{385A5468-D483-4AC9-8C49-720513A83002}.Release|Any CPU.ActiveCfg = Release|Any CPU
		{385A5468-D483-4AC9-8C49-720513A83002}.Release|Any CPU.Build.0 = Release|Any CPU
	EndGlobalSection
	GlobalSection(SolutionProperties) = preSolution
		HideSolutionNode = FALSE
	EndGlobalSection
	GlobalSection(ExtensibilityGlobals) = postSolution
		SolutionGuid = {A30CEC18-2824-4382-8675-371BECF03708}
	EndGlobalSection
EndGlobal
